{
  "name": "example-app",
  "version": "1.0.0",
  "type": "module",
  "lockfileVersion": 3,
  "requires": true,
  "packages": {
    "": {
      "name": "example-app",
      "version": "1.0.0",
      "license": "ISC",
      "dependencies": {
        "my-library": "file:../my-library"
      }
    },
    "../my-library": {
      "version": "1.0.0",
      "license": "ISC"
    },
    "node_modules/my-library": {
      "resolved": "../my-library",
      "link": true
    }
  }
}
